
Microsoft Visual Studio Solution File, Format Version 12.00
# Visual Studio Version 17
VisualStudioVersion = 17.7.34202.233
MinimumVisualStudioVersion = 10.0.40219.1
Project("{9A19103F-16F7-4668-BE54-9A1E7A4F7556}") = "LinearCodingTasks", "LinearCodingTasks\LinearCodingTasks.csproj", "{D021F1BD-3709-4A76-B036-064FE883E17E}"
EndProject
Project("{9A19103F-16F7-4668-BE54-9A1E7A4F7556}") = "StudentsOrder", "StudentsOrder\StudentsOrder.csproj", "{2A4C35DF-DDC0-4047-B64F-040F7264A76C}"
EndProject
Project("{FAE04EC0-301F-11D3-BF4B-00C04F79EFBC}") = "HDNLToy", "HDNLToy\HDNLToy.csproj", "{7A5CC014-DC4A-4E73-B510-E5FA8446A080}"
EndProject
Global
	GlobalSection(SolutionConfigurationPlatforms) = preSolution
		Debug|Any CPU = Debug|Any CPU
		Release|Any CPU = Release|Any CPU
	EndGlobalSection
	GlobalSection(ProjectConfigurationPlatforms) = postSolution
		{D021F1BD-3709-4A76-B036-064FE883E17E}.Debug|Any CPU.ActiveCfg = Debug|Any CPU
		{D021F1BD-3709-4A76-B036-064FE883E17E}.Debug|Any CPU.Build.0 = Debug|Any CPU
		{D021F1BD-3709-4A76-B036-064FE883E17E}.Release|Any CPU.ActiveCfg = Release|Any CPU
		{D021F1BD-3709-4A76-B036-064FE883E17E}.Release|Any CPU.Build.0 = Release|Any CPU
		{2A4C35DF-DDC0-4047-B64F-040F7264A76C}.Debug|Any CPU.ActiveCfg = Debug|Any CPU
		{2A4C35DF-DDC0-4047-B64F-040F7264A76C}.Debug|Any CPU.Build.0 = Debug|Any CPU
		{2A4C35DF-DDC0-4047-B64F-040F7264A76C}.Release|Any CPU.ActiveCfg = Release|Any CPU
		{2A4C35DF-DDC0-4047-B64F-040F7264A76C}.Release|Any CPU.Build.0 = Release|Any CPU
		{7A5CC014-DC4A-4E73-B510-E5FA8446A080}.Debug|Any CPU.ActiveCfg = Debug|Any CPU
		{7A5CC014-DC4A-4E73-B510-E5FA8446A080}.Debug|Any CPU.Build.0 = Debug|Any CPU
		{7A5CC014-DC4A-4E73-B510-E5FA8446A080}.Release|Any CPU.ActiveCfg = Release|Any CPU
		{7A5CC014-DC4A-4E73-B510-E5FA8446A080}.Release|Any CPU.Build.0 = Release|Any CPU
	EndGlobalSection
	GlobalSection(SolutionProperties) = preSolution
		HideSolutionNode = FALSE
	EndGlobalSection
	GlobalSection(ExtensibilityGlobals) = postSolution
		SolutionGuid = {AA5E99CF-FA53-4289-956A-058C1E03C22D}
	EndGlobalSection
EndGlobal
