
Microsoft Visual Studio Solution File, Format Version 12.00
# Visual Studio Version 17
VisualStudioVersion = 17.3.32901.215
MinimumVisualStudioVersion = 10.0.40219.1
Project("{9A19103F-16F7-4668-BE54-9A1E7A4F7556}") = "LongestIncreasingSequence", "LongestIncreasingSequence\LongestIncreasingSequence.csproj", "{D131CDAC-61A2-404B-B330-79F0C8DF5802}"
EndProject
Project("{9A19103F-16F7-4668-BE54-9A1E7A4F7556}") = "LongestBlockInString", "LongestBlockInString\LongestBlockInString.csproj", "{DB4F3267-A1C6-4B14-BDCF-D100D14B80D5}"
EndProject
Project("{FAE04EC0-301F-11D3-BF4B-00C04F79EFBC}") = "MatrixMaxSum", "MatrixMaxSum\MatrixMaxSum.csproj", "{516D1D0C-9070-4783-9A74-5A3E984636B3}"
EndProject
Global
	GlobalSection(SolutionConfigurationPlatforms) = preSolution
		Debug|Any CPU = Debug|Any CPU
		Release|Any CPU = Release|Any CPU
	EndGlobalSection
	GlobalSection(ProjectConfigurationPlatforms) = postSolution
		{D131CDAC-61A2-404B-B330-79F0C8DF5802}.Debug|Any CPU.ActiveCfg = Debug|Any CPU
		{D131CDAC-61A2-404B-B330-79F0C8DF5802}.Debug|Any CPU.Build.0 = Debug|Any CPU
		{D131CDAC-61A2-404B-B330-79F0C8DF5802}.Release|Any CPU.ActiveCfg = Release|Any CPU
		{D131CDAC-61A2-404B-B330-79F0C8DF5802}.Release|Any CPU.Build.0 = Release|Any CPU
		{DB4F3267-A1C6-4B14-BDCF-D100D14B80D5}.Debug|Any CPU.ActiveCfg = Debug|Any CPU
		{DB4F3267-A1C6-4B14-BDCF-D100D14B80D5}.Debug|Any CPU.Build.0 = Debug|Any CPU
		{DB4F3267-A1C6-4B14-BDCF-D100D14B80D5}.Release|Any CPU.ActiveCfg = Release|Any CPU
		{DB4F3267-A1C6-4B14-BDCF-D100D14B80D5}.Release|Any CPU.Build.0 = Release|Any CPU
		{516D1D0C-9070-4783-9A74-5A3E984636B3}.Debug|Any CPU.ActiveCfg = Debug|Any CPU
		{516D1D0C-9070-4783-9A74-5A3E984636B3}.Debug|Any CPU.Build.0 = Debug|Any CPU
		{516D1D0C-9070-4783-9A74-5A3E984636B3}.Release|Any CPU.ActiveCfg = Release|Any CPU
		{516D1D0C-9070-4783-9A74-5A3E984636B3}.Release|Any CPU.Build.0 = Release|Any CPU
	EndGlobalSection
	GlobalSection(SolutionProperties) = preSolution
		HideSolutionNode = FALSE
	EndGlobalSection
	GlobalSection(ExtensibilityGlobals) = postSolution
		SolutionGuid = {3524AE0F-D27F-40A9-808F-339478F97682}
	EndGlobalSection
EndGlobal
