
Microsoft Visual Studio Solution File, Format Version 12.00
# Visual Studio Version 17
VisualStudioVersion = 17.3.32901.215
MinimumVisualStudioVersion = 10.0.40219.1
Project("{FAE04EC0-301F-11D3-BF4B-00C04F79EFBC}") = "Program", "Program\Program.csproj", "{34F6AD22-8780-4770-BAF0-A728544F7C2F}"
EndProject
Global
	GlobalSection(SolutionConfigurationPlatforms) = preSolution
		Debug|Any CPU = Debug|Any CPU
		Release|Any CPU = Release|Any CPU
	EndGlobalSection
	GlobalSection(ProjectConfigurationPlatforms) = postSolution
		{34F6AD22-8780-4770-BAF0-A728544F7C2F}.Debug|Any CPU.ActiveCfg = Debug|Any CPU
		{34F6AD22-8780-4770-BAF0-A728544F7C2F}.Debug|Any CPU.Build.0 = Debug|Any CPU
		{34F6AD22-8780-4770-BAF0-A728544F7C2F}.Release|Any CPU.ActiveCfg = Release|Any CPU
		{34F6AD22-8780-4770-BAF0-A728544F7C2F}.Release|Any CPU.Build.0 = Release|Any CPU
	EndGlobalSection
	GlobalSection(SolutionProperties) = preSolution
		HideSolutionNode = FALSE
	EndGlobalSection
	GlobalSection(ExtensibilityGlobals) = postSolution
		SolutionGuid = {FCE7E80D-8D40-4864-B3CE-8E00CB601DE0}
	EndGlobalSection
EndGlobal
