
Microsoft Visual Studio Solution File, Format Version 12.00
# Visual Studio Version 17
VisualStudioVersion = 17.7.34202.233
MinimumVisualStudioVersion = 10.0.40219.1
Project("{9A19103F-16F7-4668-BE54-9A1E7A4F7556}") = "Variations", "Variations\Variations.csproj", "{2F370BAA-646A-47F9-AB5D-5A80EBCFDD1D}"
EndProject
Project("{FAE04EC0-301F-11D3-BF4B-00C04F79EFBC}") = "Cipher", "Cipher\Cipher.csproj", "{DD2C9D77-6054-4EE6-A134-6B68C5C16FAE}"
EndProject
Global
	GlobalSection(SolutionConfigurationPlatforms) = preSolution
		Debug|Any CPU = Debug|Any CPU
		Release|Any CPU = Release|Any CPU
	EndGlobalSection
	GlobalSection(ProjectConfigurationPlatforms) = postSolution
		{2F370BAA-646A-47F9-AB5D-5A80EBCFDD1D}.Debug|Any CPU.ActiveCfg = Debug|Any CPU
		{2F370BAA-646A-47F9-AB5D-5A80EBCFDD1D}.Debug|Any CPU.Build.0 = Debug|Any CPU
		{2F370BAA-646A-47F9-AB5D-5A80EBCFDD1D}.Release|Any CPU.ActiveCfg = Release|Any CPU
		{2F370BAA-646A-47F9-AB5D-5A80EBCFDD1D}.Release|Any CPU.Build.0 = Release|Any CPU
		{DD2C9D77-6054-4EE6-A134-6B68C5C16FAE}.Debug|Any CPU.ActiveCfg = Debug|Any CPU
		{DD2C9D77-6054-4EE6-A134-6B68C5C16FAE}.Debug|Any CPU.Build.0 = Debug|Any CPU
		{DD2C9D77-6054-4EE6-A134-6B68C5C16FAE}.Release|Any CPU.ActiveCfg = Release|Any CPU
		{DD2C9D77-6054-4EE6-A134-6B68C5C16FAE}.Release|Any CPU.Build.0 = Release|Any CPU
	EndGlobalSection
	GlobalSection(SolutionProperties) = preSolution
		HideSolutionNode = FALSE
	EndGlobalSection
	GlobalSection(ExtensibilityGlobals) = postSolution
		SolutionGuid = {0E3AF188-24F4-41CB-88AF-8105693873F9}
	EndGlobalSection
EndGlobal
